// !$*UTF8*$!
{
	archiveVersion = 1;
	classes = {
	};
	objectVersion = 46;
	objects = {

/* Begin PBXBuildFile section */
		CD6AE2211B33909600A1A2BD /* main.m in Sources */ = {isa = PBXBuildFile; fileRef = CD6AE2201B33909600A1A2BD /* main.m */; };
		CD6AE2241B33909600A1A2BD /* AppDelegate.m in Sources */ = {isa = PBXBuildFile; fileRef = CD6AE2231B33909600A1A2BD /* AppDelegate.m */; };
		CD6AE22C1B33909600A1A2BD /* Images.xcassets in Resources */ = {isa = PBXBuildFile; fileRef = CD6AE22B1B33909600A1A2BD /* Images.xcassets */; };
		CD6AE22F1B33909600A1A2BD /* LaunchScreen.xib in Resources */ = {isa = PBXBuildFile; fileRef = CD6AE22D1B33909600A1A2BD /* LaunchScreen.xib */; };
		CD6AE23B1B33909600A1A2BD /* HypnosisterTests.m in Sources */ = {isa = PBXBuildFile; fileRef = CD6AE23A1B33909600A1A2BD /* HypnosisterTests.m */; };
		CD6AE2461B3391AA00A1A2BD /* HypnosisView.m in Sources */ = {isa = PBXBuildFile; fileRef = CD6AE2451B3391AA00A1A2BD /* HypnosisView.m */; };
		CD9C27D91B3479660035C61C /* MiniMapView.m in Sources */ = {isa = PBXBuildFile; fileRef = CD9C27D81B3479660035C61C /* MiniMapView.m */; };
		CD9C27DC1B3489020035C61C /* HypnosisViewController.m in Sources */ = {isa = PBXBuildFile; fileRef = CD9C27DB1B3489020035C61C /* HypnosisViewController.m */; };
		CD9C27DF1B348AE90035C61C /* ReminderViewController.m in Sources */ = {isa = PBXBuildFile; fileRef = CD9C27DE1B348AE90035C61C /* ReminderViewController.m */; };
		CD9C27E11B348C370035C61C /* ReminderViewController.xib in Resources */ = {isa = PBXBuildFile; fileRef = CD9C27E01B348C370035C61C /* ReminderViewController.xib */; };
		CDB7611B1B3932BC00FEFE29 /* HypnosisViewController.xib in Resources */ = {isa = PBXBuildFile; fileRef = CDB7611A1B3932BC00FEFE29 /* HypnosisViewController.xib */; };
		CDDAF5BD1B37C42900D063F9 /* QuizViewController.m in Sources */ = {isa = PBXBuildFile; fileRef = CDDAF5BC1B37C42900D063F9 /* QuizViewController.m */; };
		CDDAF5C11B37C7C300D063F9 /* QuizViewController.xib in Resources */ = {isa = PBXBuildFile; fileRef = CDDAF5C01B37C7C300D063F9 /* QuizViewController.xib */; };
/* End PBXBuildFile section */

/* Begin PBXContainerItemProxy section */
		CD6AE2351B33909600A1A2BD /* PBXContainerItemProxy */ = {
			isa = PBXContainerItemProxy;
			containerPortal = CD6AE2131B33909600A1A2BD /* Project object */;
			proxyType = 1;
			remoteGlobalIDString = CD6AE21A1B33909600A1A2BD;
			remoteInfo = Hypnosister;
		};
/* End PBXContainerItemProxy section */

/* Begin PBXFileReference section */
		CD6AE21B1B33909600A1A2BD /* Hypnosister.app */ = {isa = PBXFileReference; explicitFileType = wrapper.application; includeInIndex = 0; path = Hypnosister.app; sourceTree = BUILT_PRODUCTS_DIR; };
		CD6AE21F1B33909600A1A2BD /* Info.plist */ = {isa = PBXFileReference; lastKnownFileType = text.plist.xml; path = Info.plist; sourceTree = "<group>"; };
		CD6AE2201B33909600A1A2BD /* main.m */ = {isa = PBXFileReference; lastKnownFileType = sourcecode.c.objc; path = main.m; sourceTree = "<group>"; };
		CD6AE2221B33909600A1A2BD /* AppDelegate.h */ = {isa = PBXFileReference; lastKnownFileType = sourcecode.c.h; path = AppDelegate.h; sourceTree = "<group>"; };
		CD6AE2231B33909600A1A2BD /* AppDelegate.m */ = {isa = PBXFileReference; lastKnownFileType = sourcecode.c.objc; path = AppDelegate.m; sourceTree = "<group>"; };
		CD6AE22B1B33909600A1A2BD /* Images.xcassets */ = {isa = PBXFileReference; lastKnownFileType = folder.assetcatalog; path = Images.xcassets; sourceTree = "<group>"; };
		CD6AE22E1B33909600A1A2BD /* Base */ = {isa = PBXFileReference; lastKnownFileType = file.xib; name = Base; path = Base.lproj/LaunchScreen.xib; sourceTree = "<group>"; };
		CD6AE2341B33909600A1A2BD /* HypnosisterTests.xctest */ = {isa = PBXFileReference; explicitFileType = wrapper.cfbundle; includeInIndex = 0; path = HypnosisterTests.xctest; sourceTree = BUILT_PRODUCTS_DIR; };
		CD6AE2391B33909600A1A2BD /* Info.plist */ = {isa = PBXFileReference; lastKnownFileType = text.plist.xml; path = Info.plist; sourceTree = "<group>"; };
		CD6AE23A1B33909600A1A2BD /* HypnosisterTests.m */ = {isa = PBXFileReference; lastKnownFileType = sourcecode.c.objc; path = HypnosisterTests.m; sourceTree = "<group>"; };
		CD6AE2441B3391AA00A1A2BD /* HypnosisView.h */ = {isa = PBXFileReference; fileEncoding = 4; lastKnownFileType = sourcecode.c.h; path = HypnosisView.h; sourceTree = "<group>"; };
		CD6AE2451B3391AA00A1A2BD /* HypnosisView.m */ = {isa = PBXFileReference; fileEncoding = 4; lastKnownFileType = sourcecode.c.objc; path = HypnosisView.m; sourceTree = "<group>"; };
		CD9C27D71B3479660035C61C /* MiniMapView.h */ = {isa = PBXFileReference; fileEncoding = 4; lastKnownFileType = sourcecode.c.h; path = MiniMapView.h; sourceTree = "<group>"; };
		CD9C27D81B3479660035C61C /* MiniMapView.m */ = {isa = PBXFileReference; fileEncoding = 4; lastKnownFileType = sourcecode.c.objc; path = MiniMapView.m; sourceTree = "<group>"; };
		CD9C27DA1B3489020035C61C /* HypnosisViewController.h */ = {isa = PBXFileReference; fileEncoding = 4; lastKnownFileType = sourcecode.c.h; path = HypnosisViewController.h; sourceTree = "<group>"; };
		CD9C27DB1B3489020035C61C /* HypnosisViewController.m */ = {isa = PBXFileReference; fileEncoding = 4; lastKnownFileType = sourcecode.c.objc; path = HypnosisViewController.m; sourceTree = "<group>"; };
		CD9C27DD1B348AE90035C61C /* ReminderViewController.h */ = {isa = PBXFileReference; fileEncoding = 4; lastKnownFileType = sourcecode.c.h; path = ReminderViewController.h; sourceTree = "<group>"; };
		CD9C27DE1B348AE90035C61C /* ReminderViewController.m */ = {isa = PBXFileReference; fileEncoding = 4; lastKnownFileType = sourcecode.c.objc; path = ReminderViewController.m; sourceTree = "<group>"; };
		CD9C27E01B348C370035C61C /* ReminderViewController.xib */ = {isa = PBXFileReference; fileEncoding = 4; lastKnownFileType = file.xib; path = ReminderViewController.xib; sourceTree = "<group>"; };
		CDB7611A1B3932BC00FEFE29 /* HypnosisViewController.xib */ = {isa = PBXFileReference; fileEncoding = 4; lastKnownFileType = file.xib; path = HypnosisViewController.xib; sourceTree = "<group>"; };
		CDDAF5BB1B37C42900D063F9 /* QuizViewController.h */ = {isa = PBXFileReference; fileEncoding = 4; lastKnownFileType = sourcecode.c.h; path = QuizViewController.h; sourceTree = "<group>"; };
		CDDAF5BC1B37C42900D063F9 /* QuizViewController.m */ = {isa = PBXFileReference; fileEncoding = 4; lastKnownFileType = sourcecode.c.objc; path = QuizViewController.m; sourceTree = "<group>"; };
		CDDAF5C01B37C7C300D063F9 /* QuizViewController.xib */ = {isa = PBXFileReference; fileEncoding = 4; lastKnownFileType = file.xib; path = QuizViewController.xib; sourceTree = "<group>"; };
/* End PBXFileReference section */

/* Begin PBXFrameworksBuildPhase section */
		CD6AE2181B33909600A1A2BD /* Frameworks */ = {
			isa = PBXFrameworksBuildPhase;
			buildActionMask = 2147483647;
			files = (
			);
			runOnlyForDeploymentPostprocessing = 0;
		};
		CD6AE2311B33909600A1A2BD /* Frameworks */ = {
			isa = PBXFrameworksBuildPhase;
			buildActionMask = 2147483647;
			files = (
			);
			runOnlyForDeploymentPostprocessing = 0;
		};
/* End PBXFrameworksBuildPhase section */

/* Begin PBXGroup section */
		CD6AE2121B33909600A1A2BD = {
			isa = PBXGroup;
			children = (
				CD6AE21D1B33909600A1A2BD /* Hypnosister */,
				CD6AE2371B33909600A1A2BD /* HypnosisterTests */,
				CD6AE21C1B33909600A1A2BD /* Products */,
			);
			sourceTree = "<group>";
		};
		CD6AE21C1B33909600A1A2BD /* Products */ = {
			isa = PBXGroup;
			children = (
				CD6AE21B1B33909600A1A2BD /* Hypnosister.app */,
				CD6AE2341B33909600A1A2BD /* HypnosisterTests.xctest */,
			);
			name = Products;
			sourceTree = "<group>";
		};
		CD6AE21D1B33909600A1A2BD /* Hypnosister */ = {
			isa = PBXGroup;
			children = (
				CD6AE2221B33909600A1A2BD /* AppDelegate.h */,
				CD6AE2231B33909600A1A2BD /* AppDelegate.m */,
				CD6AE2441B3391AA00A1A2BD /* HypnosisView.h */,
				CD6AE2451B3391AA00A1A2BD /* HypnosisView.m */,
				CD9C27D71B3479660035C61C /* MiniMapView.h */,
				CD9C27D81B3479660035C61C /* MiniMapView.m */,
				CD9C27DA1B3489020035C61C /* HypnosisViewController.h */,
				CD9C27DB1B3489020035C61C /* HypnosisViewController.m */,
				CDB7611A1B3932BC00FEFE29 /* HypnosisViewController.xib */,
				CD9C27DD1B348AE90035C61C /* ReminderViewController.h */,
				CD9C27DE1B348AE90035C61C /* ReminderViewController.m */,
				CDDAF5BB1B37C42900D063F9 /* QuizViewController.h */,
				CDDAF5BC1B37C42900D063F9 /* QuizViewController.m */,
				CD9C27E01B348C370035C61C /* ReminderViewController.xib */,
				CDDAF5C01B37C7C300D063F9 /* QuizViewController.xib */,
				CD6AE22D1B33909600A1A2BD /* LaunchScreen.xib */,
				CD6AE22B1B33909600A1A2BD /* Images.xcassets */,
				CD6AE21E1B33909600A1A2BD /* Supporting Files */,
			);
			path = Hypnosister;
			sourceTree = "<group>";
		};
		CD6AE21E1B33909600A1A2BD /* Supporting Files */ = {
			isa = PBXGroup;
			children = (
				CD6AE21F1B33909600A1A2BD /* Info.plist */,
				CD6AE2201B33909600A1A2BD /* main.m */,
			);
			name = "Supporting Files";
			sourceTree = "<group>";
		};
		CD6AE2371B33909600A1A2BD /* HypnosisterTests */ = {
			isa = PBXGroup;
			children = (
				CD6AE23A1B33909600A1A2BD /* HypnosisterTests.m */,
				CD6AE2381B33909600A1A2BD /* Supporting Files */,
			);
			path = HypnosisterTests;
			sourceTree = "<group>";
		};
		CD6AE2381B33909600A1A2BD /* Supporting Files */ = {
			isa = PBXGroup;
			children = (
				CD6AE2391B33909600A1A2BD /* Info.plist */,
			);
			name = "Supporting Files";
			sourceTree = "<group>";
		};
/* End PBXGroup section */

/* Begin PBXNativeTarget section */
		CD6AE21A1B33909600A1A2BD /* Hypnosister */ = {
			isa = PBXNativeTarget;
			buildConfigurationList = CD6AE23E1B33909600A1A2BD /* Build configuration list for PBXNativeTarget "Hypnosister" */;
			buildPhases = (
				CD6AE2171B33909600A1A2BD /* Sources */,
				CD6AE2181B33909600A1A2BD /* Frameworks */,
				CD6AE2191B33909600A1A2BD /* Resources */,
			);
			buildRules = (
			);
			dependencies = (
			);
			name = Hypnosister;
			productName = Hypnosister;
			productReference = CD6AE21B1B33909600A1A2BD /* Hypnosister.app */;
			productType = "com.apple.product-type.application";
		};
		CD6AE2331B33909600A1A2BD /* HypnosisterTests */ = {
			isa = PBXNativeTarget;
			buildConfigurationList = CD6AE2411B33909600A1A2BD /* Build configuration list for PBXNativeTarget "HypnosisterTests" */;
			buildPhases = (
				CD6AE2301B33909600A1A2BD /* Sources */,
				CD6AE2311B33909600A1A2BD /* Frameworks */,
				CD6AE2321B33909600A1A2BD /* Resources */,
			);
			buildRules = (
			);
			dependencies = (
				CD6AE2361B33909600A1A2BD /* PBXTargetDependency */,
			);
			name = HypnosisterTests;
			productName = HypnosisterTests;
			productReference = CD6AE2341B33909600A1A2BD /* HypnosisterTests.xctest */;
			productType = "com.apple.product-type.bundle.unit-test";
		};
/* End PBXNativeTarget section */

/* Begin PBXProject section */
		CD6AE2131B33909600A1A2BD /* Project object */ = {
			isa = PBXProject;
			attributes = {
				LastUpgradeCheck = 0630;
				ORGANIZATIONNAME = "Jaimie Zhu";
				TargetAttributes = {
					CD6AE21A1B33909600A1A2BD = {
						CreatedOnToolsVersion = 6.3.2;
					};
					CD6AE2331B33909600A1A2BD = {
						CreatedOnToolsVersion = 6.3.2;
						TestTargetID = CD6AE21A1B33909600A1A2BD;
					};
				};
			};
			buildConfigurationList = CD6AE2161B33909600A1A2BD /* Build configuration list for PBXProject "Hypnosister" */;
			compatibilityVersion = "Xcode 3.2";
			developmentRegion = English;
			hasScannedForEncodings = 0;
			knownRegions = (
				en,
				Base,
			);
			mainGroup = CD6AE2121B33909600A1A2BD;
			productRefGroup = CD6AE21C1B33909600A1A2BD /* Products */;
			projectDirPath = "";
			projectRoot = "";
			targets = (
				CD6AE21A1B33909600A1A2BD /* Hypnosister */,
				CD6AE2331B33909600A1A2BD /* HypnosisterTests */,
			);
		};
/* End PBXProject section */

/* Begin PBXResourcesBuildPhase section */
		CD6AE2191B33909600A1A2BD /* Resources */ = {
			isa = PBXResourcesBuildPhase;
			buildActionMask = 2147483647;
			files = (
				CDDAF5C11B37C7C300D063F9 /* QuizViewController.xib in Resources */,
				CD6AE22F1B33909600A1A2BD /* LaunchScreen.xib in Resources */,
				CD9C27E11B348C370035C61C /* ReminderViewController.xib in Resources */,
				CDB7611B1B3932BC00FEFE29 /* HypnosisViewController.xib in Resources */,
				CD6AE22C1B33909600A1A2BD /* Images.xcassets in Resources */,
			);
			runOnlyForDeploymentPostprocessing = 0;
		};
		CD6AE2321B33909600A1A2BD /* Resources */ = {
			isa = PBXResourcesBuildPhase;
			buildActionMask = 2147483647;
			files = (
			);
			runOnlyForDeploymentPostprocessing = 0;
		};
/* End PBXResourcesBuildPhase section */

/* Begin PBXSourcesBuildPhase section */
		CD6AE2171B33909600A1A2BD /* Sources */ = {
			isa = PBXSourcesBuildPhase;
			buildActionMask = 2147483647;
			files = (
				CD6AE2241B33909600A1A2BD /* AppDelegate.m in Sources */,
				CD6AE2211B33909600A1A2BD /* main.m in Sources */,
				CD9C27DF1B348AE90035C61C /* ReminderViewController.m in Sources */,
				CDDAF5BD1B37C42900D063F9 /* QuizViewController.m in Sources */,
				CD9C27D91B3479660035C61C /* MiniMapView.m in Sources */,
				CD6AE2461B3391AA00A1A2BD /* HypnosisView.m in Sources */,
				CD9C27DC1B3489020035C61C /* HypnosisViewController.m in Sources */,
			);
			runOnlyForDeploymentPostprocessing = 0;
		};
		CD6AE2301B33909600A1A2BD /* Sources */ = {
			isa = PBXSourcesBuildPhase;
			buildActionMask = 2147483647;
			files = (
				CD6AE23B1B33909600A1A2BD /* HypnosisterTests.m in Sources */,
			);
			runOnlyForDeploymentPostprocessing = 0;
		};
/* End PBXSourcesBuildPhase section */

/* Begin PBXTargetDependency section */
		CD6AE2361B33909600A1A2BD /* PBXTargetDependency */ = {
			isa = PBXTargetDependency;
			target = CD6AE21A1B33909600A1A2BD /* Hypnosister */;
			targetProxy = CD6AE2351B33909600A1A2BD /* PBXContainerItemProxy */;
		};
/* End PBXTargetDependency section */

/* Begin PBXVariantGroup section */
		CD6AE22D1B33909600A1A2BD /* LaunchScreen.xib */ = {
			isa = PBXVariantGroup;
			children = (
				CD6AE22E1B33909600A1A2BD /* Base */,
			);
			name = LaunchScreen.xib;
			sourceTree = "<group>";
		};
/* End PBXVariantGroup section */

/* Begin XCBuildConfiguration section */
		CD6AE23C1B33909600A1A2BD /* Debug */ = {
			isa = XCBuildConfiguration;
			buildSettings = {
				ALWAYS_SEARCH_USER_PATHS = NO;
				CLANG_CXX_LANGUAGE_STANDARD = "gnu++0x";
				CLANG_CXX_LIBRARY = "libc++";
				CLANG_ENABLE_MODULES = YES;
				CLANG_ENABLE_OBJC_ARC = YES;
				CLANG_WARN_BOOL_CONVERSION = YES;
				CLANG_WARN_CONSTANT_CONVERSION = YES;
				CLANG_WARN_DIRECT_OBJC_ISA_USAGE = YES_ERROR;
				CLANG_WARN_EMPTY_BODY = YES;
				CLANG_WARN_ENUM_CONVERSION = YES;
				CLANG_WARN_INT_CONVERSION = YES;
				CLANG_WARN_OBJC_ROOT_CLASS = YES_ERROR;
				CLANG_WARN_UNREACHABLE_CODE = YES;
				CLANG_WARN__DUPLICATE_METHOD_MATCH = YES;
				"CODE_SIGN_IDENTITY[sdk=iphoneos*]" = "iPhone Developer";
				COPY_PHASE_STRIP = NO;
				DEBUG_INFORMATION_FORMAT = "dwarf-with-dsym";
				ENABLE_STRICT_OBJC_MSGSEND = YES;
				GCC_C_LANGUAGE_STANDARD = gnu99;
				GCC_DYNAMIC_NO_PIC = NO;
				GCC_NO_COMMON_BLOCKS = YES;
				GCC_OPTIMIZATION_LEVEL = 0;
				GCC_PREPROCESSOR_DEFINITIONS = (
					"DEBUG=1",
					"$(inherited)",
				);
				GCC_SYMBOLS_PRIVATE_EXTERN = NO;
				GCC_WARN_64_TO_32_BIT_CONVERSION = YES;
				GCC_WARN_ABOUT_RETURN_TYPE = YES_ERROR;
				GCC_WARN_UNDECLARED_SELECTOR = YES;
				GCC_WARN_UNINITIALIZED_AUTOS = YES_AGGRESSIVE;
				GCC_WARN_UNUSED_FUNCTION = YES;
				GCC_WARN_UNUSED_VARIABLE = YES;
				IPHONEOS_DEPLOYMENT_TARGET = 8.3;
				MTL_ENABLE_DEBUG_INFO = YES;
				ONLY_ACTIVE_ARCH = YES;
				SDKROOT = iphoneos;
			};
			name = Debug;
		};
		CD6AE23D1B33909600A1A2BD /* Release */ = {
			isa = XCBuildConfiguration;
			buildSettings = {
				ALWAYS_SEARCH_USER_PATHS = NO;
				CLANG_CXX_LANGUAGE_STANDARD = "gnu++0x";
				CLANG_CXX_LIBRARY = "libc++";
				CLANG_ENABLE_MODULES = YES;
				CLANG_ENABLE_OBJC_ARC = YES;
				CLANG_WARN_BOOL_CONVERSION = YES;
				CLANG_WARN_CONSTANT_CONVERSION = YES;
				CLANG_WARN_DIRECT_OBJC_ISA_USAGE = YES_ERROR;
				CLANG_WARN_EMPTY_BODY = YES;
				CLANG_WARN_ENUM_CONVERSION = YES;
				CLANG_WARN_INT_CONVERSION = YES;
				CLANG_WARN_OBJC_ROOT_CLASS = YES_ERROR;
				CLANG_WARN_UNREACHABLE_CODE = YES;
				CLANG_WARN__DUPLICATE_METHOD_MATCH = YES;
				"CODE_SIGN_IDENTITY[sdk=iphoneos*]" = "iPhone Developer";
				COPY_PHASE_STRIP = NO;
				DEBUG_INFORMATION_FORMAT = "dwarf-with-dsym";
				ENABLE_NS_ASSERTIONS = NO;
				ENABLE_STRICT_OBJC_MSGSEND = YES;
				GCC_C_LANGUAGE_STANDARD = gnu99;
				GCC_NO_COMMON_BLOCKS = YES;
				GCC_WARN_64_TO_32_BIT_CONVERSION = YES;
				GCC_WARN_ABOUT_RETURN_TYPE = YES_ERROR;
				GCC_WARN_UNDECLARED_SELECTOR = YES;
				GCC_WARN_UNINITIALIZED_AUTOS = YES_AGGRESSIVE;
				GCC_WARN_UNUSED_FUNCTION = YES;
				GCC_WARN_UNUSED_VARIABLE = YES;
				IPHONEOS_DEPLOYMENT_TARGET = 8.3;
				MTL_ENABLE_DEBUG_INFO = NO;
				SDKROOT = iphoneos;
				VALIDATE_PRODUCT = YES;
			};
			name = Release;
		};
		CD6AE23F1B33909600A1A2BD /* Debug */ = {
			isa = XCBuildConfiguration;
			buildSettings = {
				ASSETCATALOG_COMPILER_APPICON_NAME = AppIcon;
				INFOPLIST_FILE = Hypnosister/Info.plist;
				LD_RUNPATH_SEARCH_PATHS = "$(inherited) @executable_path/Frameworks";
				PRODUCT_NAME = "$(TARGET_NAME)";
				TARGETED_DEVICE_FAMILY = 1;
			};
			name = Debug;
		};
		CD6AE2401B33909600A1A2BD /* Release */ = {
			isa = XCBuildConfiguration;
			buildSettings = {
				ASSETCATALOG_COMPILER_APPICON_NAME = AppIcon;
				INFOPLIST_FILE = Hypnosister/Info.plist;
				LD_RUNPATH_SEARCH_PATHS = "$(inherited) @executable_path/Frameworks";
				PRODUCT_NAME = "$(TARGET_NAME)";
				TARGETED_DEVICE_FAMILY = 1;
			};
			name = Release;
		};
		CD6AE2421B33909600A1A2BD /* Debug */ = {
			isa = XCBuildConfiguration;
			buildSettings = {
				BUNDLE_LOADER = "$(TEST_HOST)";
				FRAMEWORK_SEARCH_PATHS = (
					"$(SDKROOT)/Developer/Library/Frameworks",
					"$(inherited)",
				);
				GCC_PREPROCESSOR_DEFINITIONS = (
					"DEBUG=1",
					"$(inherited)",
				);
				INFOPLIST_FILE = HypnosisterTests/Info.plist;
				LD_RUNPATH_SEARCH_PATHS = "$(inherited) @executable_path/Frameworks @loader_path/Frameworks";
				PRODUCT_NAME = "$(TARGET_NAME)";
				TEST_HOST = "$(BUILT_PRODUCTS_DIR)/Hypnosister.app/Hypnosister";
			};
			name = Debug;
		};
		CD6AE2431B33909600A1A2BD /* Release */ = {
			isa = XCBuildConfiguration;
			buildSettings = {
				BUNDLE_LOADER = "$(TEST_HOST)";
				FRAMEWORK_SEARCH_PATHS = (
					"$(SDKROOT)/Developer/Library/Frameworks",
					"$(inherited)",
				);
				INFOPLIST_FILE = HypnosisterTests/Info.plist;
				LD_RUNPATH_SEARCH_PATHS = "$(inherited) @executable_path/Frameworks @loader_path/Frameworks";
				PRODUCT_NAME = "$(TARGET_NAME)";
				TEST_HOST = "$(BUILT_PRODUCTS_DIR)/Hypnosister.app/Hypnosister";
			};
			name = Release;
		};
/* End XCBuildConfiguration section */

/* Begin XCConfigurationList section */
		CD6AE2161B33909600A1A2BD /* Build configuration list for PBXProject "Hypnosister" */ = {
			isa = XCConfigurationList;
			buildConfigurations = (
				CD6AE23C1B33909600A1A2BD /* Debug */,
				CD6AE23D1B33909600A1A2BD /* Release */,
			);
			defaultConfigurationIsVisible = 0;
			defaultConfigurationName = Release;
		};
		CD6AE23E1B33909600A1A2BD /* Build configuration list for PBXNativeTarget "Hypnosister" */ = {
			isa = XCConfigurationList;
			buildConfigurations = (
				CD6AE23F1B33909600A1A2BD /* Debug */,
				CD6AE2401B33909600A1A2BD /* Release */,
			);
			defaultConfigurationIsVisible = 0;
			defaultConfigurationName = Release;
		};
		CD6AE2411B33909600A1A2BD /* Build configuration list for PBXNativeTarget "HypnosisterTests" */ = {
			isa = XCConfigurationList;
			buildConfigurations = (
				CD6AE2421B33909600A1A2BD /* Debug */,
				CD6AE2431B33909600A1A2BD /* Release */,
			);
			defaultConfigurationIsVisible = 0;
			defaultConfigurationName = Release;
		};
/* End XCConfigurationList section */
	};
	rootObject = CD6AE2131B33909600A1A2BD /* Project object */;
}
